
Microsoft Visual Studio Solution File, Format Version 12.00
# Visual Studio Version 16
VisualStudioVersion = 16.0.31112.23
MinimumVisualStudioVersion = 10.0.40219.1
Project("{FAE04EC0-301F-11D3-BF4B-00C04F79EFBC}") = "TranNgocTin_5851071074", "TranNgocTin_5851071074\TranNgocTin_5851071074.csproj", "{55038C13-1BF3-4F14-8CD5-FA72F1850973}"
EndProject
Global
	GlobalSection(SolutionConfigurationPlatforms) = preSolution
		Debug|Any CPU = Debug|Any CPU
		Release|Any CPU = Release|Any CPU
	EndGlobalSection
	GlobalSection(ProjectConfigurationPlatforms) = postSolution
		{55038C13-1BF3-4F14-8CD5-FA72F1850973}.Debug|Any CPU.ActiveCfg = Debug|Any CPU
		{55038C13-1BF3-4F14-8CD5-FA72F1850973}.Debug|Any CPU.Build.0 = Debug|Any CPU
		{55038C13-1BF3-4F14-8CD5-FA72F1850973}.Release|Any CPU.ActiveCfg = Release|Any CPU
		{55038C13-1BF3-4F14-8CD5-FA72F1850973}.Release|Any CPU.Build.0 = Release|Any CPU
	EndGlobalSection
	GlobalSection(SolutionProperties) = preSolution
		HideSolutionNode = FALSE
	EndGlobalSection
	GlobalSection(ExtensibilityGlobals) = postSolution
		SolutionGuid = {29E7DE81-18CD-497A-B612-00A061D93DD2}
	EndGlobalSection
EndGlobal
